
Microsoft Visual Studio Solution File, Format Version 12.00
# Visual Studio Version 17
VisualStudioVersion = 17.7.34221.43
MinimumVisualStudioVersion = 10.0.40219.1
Project("{FAE04EC0-301F-11D3-BF4B-00C04F79EFBC}") = "paginawebApplication1", "paginawebApplication1\paginawebApplication1.csproj", "{0749E57B-8F17-4EFD-A9C7-F129F379EAC1}"
EndProject
Global
	GlobalSection(SolutionConfigurationPlatforms) = preSolution
		Debug|Any CPU = Debug|Any CPU
		Release|Any CPU = Release|Any CPU
	EndGlobalSection
	GlobalSection(ProjectConfigurationPlatforms) = postSolution
		{0749E57B-8F17-4EFD-A9C7-F129F379EAC1}.Debug|Any CPU.ActiveCfg = Debug|Any CPU
		{0749E57B-8F17-4EFD-A9C7-F129F379EAC1}.Debug|Any CPU.Build.0 = Debug|Any CPU
		{0749E57B-8F17-4EFD-A9C7-F129F379EAC1}.Release|Any CPU.ActiveCfg = Release|Any CPU
		{0749E57B-8F17-4EFD-A9C7-F129F379EAC1}.Release|Any CPU.Build.0 = Release|Any CPU
	EndGlobalSection
	GlobalSection(SolutionProperties) = preSolution
		HideSolutionNode = FALSE
	EndGlobalSection
	GlobalSection(ExtensibilityGlobals) = postSolution
		SolutionGuid = {D77844A6-4F90-47E2-A71A-4BE689DFE50D}
	EndGlobalSection
EndGlobal
